speakeasyVersion: 1.446.1
sources:
    clerk-openapi:
        sourceNamespace: clerk-openapi
        sourceRevisionDigest: sha256:c2b60f596d78659a73cbf3193b2e243e882b17ec15325533fd0dc130e5c98bde
        sourceBlobDigest: sha256:33218fc6433551a174cb65e43c331b5f4287f3afd2dce5baa2e89d4df499638c
        tags:
            - latest
            - v1
targets:
    clerk-ruby:
        source: clerk-openapi
        sourceNamespace: clerk-openapi
        sourceRevisionDigest: sha256:c2b60f596d78659a73cbf3193b2e243e882b17ec15325533fd0dc130e5c98bde
        sourceBlobDigest: sha256:33218fc6433551a174cb65e43c331b5f4287f3afd2dce5baa2e89d4df499638c
        codeSamplesNamespace: clerk-ruby-code-samples
        codeSamplesRevisionDigest: sha256:9cc8ab0f274437bc731e9ee67a843ccf9a35d74c1143090352cb136417b715ea
    clerk-sdk:
        source: Clerk::SDK-OAS
        codeSamplesNamespace: clerk-code-samples
        codeSamplesRevisionDigest: sha256:80f66608f5e468e2caa9d2a98acc323ed323e71edd9089c01db5f9faeea7cbaf
workflow:
    workflowVersion: 1.0.0
    speakeasyVersion: latest
    sources:
        clerk-openapi:
            inputs:
                - location: https://raw.githubusercontent.com/clerk/openapi-specs/refs/heads/main/bapi/2024-10-01.yml
            overlays:
                - location: .speakeasy/overlays/deprecations.yaml
                - location: .speakeasy/overlays/enums.yaml
                - location: .speakeasy/overlays/nullable-values.yaml
                - location: .speakeasy/overlays/name-overrides.yaml
                - location: .speakeasy/overlays/error-responses.yaml
                - location: .speakeasy/overlays/globals.yaml
            registry:
                location: registry.speakeasyapi.dev/clerk/clerk/clerk-openapi
    targets:
        clerk-ruby:
            target: ruby
            source: clerk-openapi
            codeSamples:
                registry:
                    location: registry.speakeasyapi.dev/clerk/clerk/clerk-ruby-code-samples
                blocking: false
